
Microsoft Visual Studio Solution File, Format Version 12.00
# Visual Studio 14
VisualStudioVersion = 14.0.25420.1
MinimumVisualStudioVersion = 10.0.40219.1
Project("{FAE04EC0-301F-11D3-BF4B-00C04F79EFBC}") = "BangazonSiteMVC", "BangazonSiteMVC\BangazonSiteMVC.csproj", "{C534AFEF-1AC8-4F31-863C-50EA2F2A318F}"
EndProject
Project("{FAE04EC0-301F-11D3-BF4B-00C04F79EFBC}") = "BangazonSiteMVC.Tests", "BangazonSiteMVC.Tests\BangazonSiteMVC.Tests.csproj", "{E5A58524-1B8E-4E70-8176-74A88B728046}"
EndProject
Global
	GlobalSection(SolutionConfigurationPlatforms) = preSolution
		Debug|Any CPU = Debug|Any CPU
		Release|Any CPU = Release|Any CPU
	EndGlobalSection
	GlobalSection(ProjectConfigurationPlatforms) = postSolution
		{C534AFEF-1AC8-4F31-863C-50EA2F2A318F}.Debug|Any CPU.ActiveCfg = Debug|Any CPU
		{C534AFEF-1AC8-4F31-863C-50EA2F2A318F}.Debug|Any CPU.Build.0 = Debug|Any CPU
		{C534AFEF-1AC8-4F31-863C-50EA2F2A318F}.Release|Any CPU.ActiveCfg = Release|Any CPU
		{C534AFEF-1AC8-4F31-863C-50EA2F2A318F}.Release|Any CPU.Build.0 = Release|Any CPU
		{E5A58524-1B8E-4E70-8176-74A88B728046}.Debug|Any CPU.ActiveCfg = Debug|Any CPU
		{E5A58524-1B8E-4E70-8176-74A88B728046}.Debug|Any CPU.Build.0 = Debug|Any CPU
		{E5A58524-1B8E-4E70-8176-74A88B728046}.Release|Any CPU.ActiveCfg = Release|Any CPU
		{E5A58524-1B8E-4E70-8176-74A88B728046}.Release|Any CPU.Build.0 = Release|Any CPU
	EndGlobalSection
	GlobalSection(SolutionProperties) = preSolution
		HideSolutionNode = FALSE
	EndGlobalSection
EndGlobal
